
Microsoft Visual Studio Solution File, Format Version 12.00
# Visual Studio Version 17
VisualStudioVersion = 17.3.32929.385
MinimumVisualStudioVersion = 10.0.40219.1
Project("{FAE04EC0-301F-11D3-BF4B-00C04F79EFBC}") = "[作業(Exec_DeclareString 第一題)]-21謝孟勳", "[作業(Exec_DeclareString 第一題)]-21謝孟勳\[作業(Exec_DeclareString 第一題)]-21謝孟勳.csproj", "{D25A0501-EE26-4E71-A1BE-F9CD65665794}"
EndProject
Global
	GlobalSection(SolutionConfigurationPlatforms) = preSolution
		Debug|Any CPU = Debug|Any CPU
		Release|Any CPU = Release|Any CPU
	EndGlobalSection
	GlobalSection(ProjectConfigurationPlatforms) = postSolution
		{D25A0501-EE26-4E71-A1BE-F9CD65665794}.Debug|Any CPU.ActiveCfg = Debug|Any CPU
		{D25A0501-EE26-4E71-A1BE-F9CD65665794}.Debug|Any CPU.Build.0 = Debug|Any CPU
		{D25A0501-EE26-4E71-A1BE-F9CD65665794}.Release|Any CPU.ActiveCfg = Release|Any CPU
		{D25A0501-EE26-4E71-A1BE-F9CD65665794}.Release|Any CPU.Build.0 = Release|Any CPU
	EndGlobalSection
	GlobalSection(SolutionProperties) = preSolution
		HideSolutionNode = FALSE
	EndGlobalSection
	GlobalSection(ExtensibilityGlobals) = postSolution
		SolutionGuid = {1F4E2D38-3E2F-42B3-B8C7-8D3DE1136912}
	EndGlobalSection
EndGlobal
